
Microsoft Visual Studio Solution File, Format Version 12.00
# Visual Studio Version 17
VisualStudioVersion = 17.0.32112.339
MinimumVisualStudioVersion = 10.0.40219.1
Project("{9A19103F-16F7-4668-BE54-9A1E7A4F7556}") = "T1.SourceGeneratorKit", "T1.SourceGeneratorKit\T1.SourceGeneratorKit.csproj", "{6955E552-DFA5-49AB-AE7F-8ABB7BB5D85B}"
EndProject
Global
	GlobalSection(SolutionConfigurationPlatforms) = preSolution
		Debug|Any CPU = Debug|Any CPU
		Release|Any CPU = Release|Any CPU
	EndGlobalSection
	GlobalSection(ProjectConfigurationPlatforms) = postSolution
		{6955E552-DFA5-49AB-AE7F-8ABB7BB5D85B}.Debug|Any CPU.ActiveCfg = Debug|Any CPU
		{6955E552-DFA5-49AB-AE7F-8ABB7BB5D85B}.Debug|Any CPU.Build.0 = Debug|Any CPU
		{6955E552-DFA5-49AB-AE7F-8ABB7BB5D85B}.Release|Any CPU.ActiveCfg = Release|Any CPU
		{6955E552-DFA5-49AB-AE7F-8ABB7BB5D85B}.Release|Any CPU.Build.0 = Release|Any CPU
	EndGlobalSection
	GlobalSection(SolutionProperties) = preSolution
		HideSolutionNode = FALSE
	EndGlobalSection
	GlobalSection(ExtensibilityGlobals) = postSolution
		SolutionGuid = {28F37543-BDD7-48FD-88DD-90E1A4000451}
	EndGlobalSection
EndGlobal
